
Microsoft Visual Studio Solution File, Format Version 12.00
# Visual Studio 15
VisualStudioVersion = 15.0.27130.2036
MinimumVisualStudioVersion = 10.0.40219.1
Project("{FAE04EC0-301F-11D3-BF4B-00C04F79EFBC}") = "WFTesteFila", "WFTesteFila\WFTesteFila.csproj", "{CCC81FC4-6E0D-45B3-AB8E-CC20231EF01E}"
EndProject
Project("{2150E333-8FDC-42A3-9474-1A3956D46DE8}") = "SonarQube", "SonarQube", "{415D4DE4-B635-4B2C-B1C8-273A0D63B360}"
	ProjectSection(SolutionItems) = preProject
		SonarQube\SolutionBinding.sqconfig = SonarQube\SolutionBinding.sqconfig
		SonarQube\WFTesteFila_masterCSharp.ruleset = SonarQube\WFTesteFila_masterCSharp.ruleset
		SonarQube\WFTesteFilaCSharp.ruleset = SonarQube\WFTesteFilaCSharp.ruleset
	EndProjectSection
EndProject
Global
	GlobalSection(SolutionConfigurationPlatforms) = preSolution
		Debug|Any CPU = Debug|Any CPU
		Release|Any CPU = Release|Any CPU
	EndGlobalSection
	GlobalSection(ProjectConfigurationPlatforms) = postSolution
		{CCC81FC4-6E0D-45B3-AB8E-CC20231EF01E}.Debug|Any CPU.ActiveCfg = Debug|Any CPU
		{CCC81FC4-6E0D-45B3-AB8E-CC20231EF01E}.Debug|Any CPU.Build.0 = Debug|Any CPU
		{CCC81FC4-6E0D-45B3-AB8E-CC20231EF01E}.Release|Any CPU.ActiveCfg = Release|Any CPU
		{CCC81FC4-6E0D-45B3-AB8E-CC20231EF01E}.Release|Any CPU.Build.0 = Release|Any CPU
	EndGlobalSection
	GlobalSection(SolutionProperties) = preSolution
		HideSolutionNode = FALSE
	EndGlobalSection
	GlobalSection(ExtensibilityGlobals) = postSolution
		SolutionGuid = {26D26424-4460-419B-9760-03722561E80A}
	EndGlobalSection
EndGlobal
